
Microsoft Visual Studio Solution File, Format Version 12.00
# Visual Studio Version 17
VisualStudioVersion = 17.3.32901.215
MinimumVisualStudioVersion = 10.0.40219.1
Project("{FAE04EC0-301F-11D3-BF4B-00C04F79EFBC}") = "TE_CSharp", "TE_CSharp\TE_CSharp.csproj", "{A3A09F7B-E104-4529-B96B-6B84E0E90BF4}"
EndProject
Global
	GlobalSection(SolutionConfigurationPlatforms) = preSolution
		Debug|Any CPU = Debug|Any CPU
		Release|Any CPU = Release|Any CPU
	EndGlobalSection
	GlobalSection(ProjectConfigurationPlatforms) = postSolution
		{A3A09F7B-E104-4529-B96B-6B84E0E90BF4}.Debug|Any CPU.ActiveCfg = Debug|Any CPU
		{A3A09F7B-E104-4529-B96B-6B84E0E90BF4}.Debug|Any CPU.Build.0 = Debug|Any CPU
		{A3A09F7B-E104-4529-B96B-6B84E0E90BF4}.Release|Any CPU.ActiveCfg = Release|Any CPU
		{A3A09F7B-E104-4529-B96B-6B84E0E90BF4}.Release|Any CPU.Build.0 = Release|Any CPU
	EndGlobalSection
	GlobalSection(SolutionProperties) = preSolution
		HideSolutionNode = FALSE
	EndGlobalSection
	GlobalSection(ExtensibilityGlobals) = postSolution
		SolutionGuid = {560989A2-6394-4A13-84D7-FD2204813709}
	EndGlobalSection
EndGlobal
